
Microsoft Visual Studio Solution File, Format Version 12.00
# Visual Studio Version 16
VisualStudioVersion = 16.0.31005.135
MinimumVisualStudioVersion = 10.0.40219.1
Project("{FAE04EC0-301F-11D3-BF4B-00C04F79EFBC}") = "LogTest", "LogTest.csproj", "{CA23D0C8-790E-450C-9A24-9526930F5DCA}"
EndProject
Global
	GlobalSection(SolutionConfigurationPlatforms) = preSolution
		Debug|Any CPU = Debug|Any CPU
		Release|Any CPU = Release|Any CPU
	EndGlobalSection
	GlobalSection(ProjectConfigurationPlatforms) = postSolution
		{CA23D0C8-790E-450C-9A24-9526930F5DCA}.Debug|Any CPU.ActiveCfg = Debug|Any CPU
		{CA23D0C8-790E-450C-9A24-9526930F5DCA}.Debug|Any CPU.Build.0 = Debug|Any CPU
		{CA23D0C8-790E-450C-9A24-9526930F5DCA}.Release|Any CPU.ActiveCfg = Release|Any CPU
		{CA23D0C8-790E-450C-9A24-9526930F5DCA}.Release|Any CPU.Build.0 = Release|Any CPU
	EndGlobalSection
	GlobalSection(SolutionProperties) = preSolution
		HideSolutionNode = FALSE
	EndGlobalSection
	GlobalSection(ExtensibilityGlobals) = postSolution
		SolutionGuid = {D7AC1E38-F0B2-4CCE-BDA1-8BAF1D95C224}
	EndGlobalSection
EndGlobal
